<?xml version="1.0" encoding="utf-8"?>
<Project ToolsVersion="4.0" xmlns="http://schemas.microsoft.com/developer/msbuild/2003">
  <ItemGroup>
    <Filter Include="Quelldateien">
      <UniqueIdentifier>{4FC737F1-C7A5-4376-A066-2A32D752A2FF}</UniqueIdentifier>
      <Extensions>cpp;c;cc;cxx;def;odl;idl;hpj;bat;asm;asmx</Extensions>
    </Filter>
    <Filter Include="Ressourcendateien">
      <UniqueIdentifier>{67DA6AB6-F800-4c08-8B7A-83BB121AAD01}</UniqueIdentifier>
      <Extensions>rc;ico;cur;bmp;dlg;rc2;rct;bin;rgs;gif;jpg;jpeg;jpe;resx;tiff;tif;png;wav;mfcribbon-ms</Extensions>
    </Filter>
    <Filter Include="Headerdateien">
      <UniqueIdentifier>{1ca28277-eae7-4c40-9b1a-550a6742e09a}</UniqueIdentifier>
    </Filter>
  </ItemGroup>
  <ItemGroup>
    <ClCompile Include="TreiberImplementierung.cpp">
      <Filter>Quelldateien</Filter>
    </ClCompile>
    <ClCompile Include="stdafx.cpp">
      <Filter>Quelldateien</Filter>
    </ClCompile>
    <ClCompile Include="Composite.cpp">
      <Filter>Quelldateien</Filter>
    </ClCompile>
    <ClCompile Include="GlobalFunctions.cpp">
      <Filter>Quelldateien</Filter>
    </ClCompile>
    <ClCompile Include="LSFM_Laser.cpp">
      <Filter>Quelldateien</Filter>
    </ClCompile>
    <ClCompile Include="LSFM_Motion_PI.cpp">
      <Filter>Quelldateien</Filter>
    </ClCompile>
    <ClCompile Include="LSFM_Camera.cpp">
      <Filter>Quelldateien</Filter>
    </ClCompile>
    <ClCompile Include="XagYl_Filter.cpp">
      <Filter>Quelldateien</Filter>
    </ClCompile>
  </ItemGroup>
  <ItemGroup>
    <ClInclude Include="Component.h">
      <Filter>Headerdateien</Filter>
    </ClInclude>
    <ClInclude Include="Composite.h">
      <Filter>Headerdateien</Filter>
    </ClInclude>
    <ClInclude Include="GlobalFunctions.h">
      <Filter>Headerdateien</Filter>
    </ClInclude>
    <ClInclude Include="ICameraController.h">
      <Filter>Headerdateien</Filter>
    </ClInclude>
    <ClInclude Include="ILaserController.h">
      <Filter>Headerdateien</Filter>
    </ClInclude>
    <ClInclude Include="IMotionController.h">
      <Filter>Headerdateien</Filter>
    </ClInclude>
    <ClInclude Include="LSFM_Laser.h">
      <Filter>Headerdateien</Filter>
    </ClInclude>
    <ClInclude Include="LSFM_Motion_PI.h">
      <Filter>Headerdateien</Filter>
    </ClInclude>
    <ClInclude Include="LSFM_Camera.h">
      <Filter>Headerdateien</Filter>
    </ClInclude>
    <ClInclude Include="XagYl_Filter.h">
      <Filter>Headerdateien</Filter>
    </ClInclude>
    <ClInclude Include="IFilterController.h">
      <Filter>Headerdateien</Filter>
    </ClInclude>
  </ItemGroup>
</Project>